
Microsoft Visual Studio Solution File, Format Version 12.00
# Visual Studio Version 17
VisualStudioVersion = 17.11.35312.102
MinimumVisualStudioVersion = 10.0.40219.1
Project("{FAE04EC0-301F-11D3-BF4B-00C04F79EFBC}") = "ambaganSystem", "ambaganSystem\ambaganSystem.csproj", "{A38D0EE7-F633-464B-9F81-D21923D211F7}"
EndProject
Global
	GlobalSection(SolutionConfigurationPlatforms) = preSolution
		Debug|Any CPU = Debug|Any CPU
		Release|Any CPU = Release|Any CPU
	EndGlobalSection
	GlobalSection(ProjectConfigurationPlatforms) = postSolution
		{A38D0EE7-F633-464B-9F81-D21923D211F7}.Debug|Any CPU.ActiveCfg = Debug|Any CPU
		{A38D0EE7-F633-464B-9F81-D21923D211F7}.Debug|Any CPU.Build.0 = Debug|Any CPU
		{A38D0EE7-F633-464B-9F81-D21923D211F7}.Release|Any CPU.ActiveCfg = Release|Any CPU
		{A38D0EE7-F633-464B-9F81-D21923D211F7}.Release|Any CPU.Build.0 = Release|Any CPU
	EndGlobalSection
	GlobalSection(SolutionProperties) = preSolution
		HideSolutionNode = FALSE
	EndGlobalSection
	GlobalSection(ExtensibilityGlobals) = postSolution
		SolutionGuid = {537825CB-DF63-4919-B934-1CF7A5830B1D}
	EndGlobalSection
EndGlobal
